// !$*UTF8*$!
{
	archiveVersion = 1;
	classes = {
	};
	objectVersion = 50;
	objects = {

/* Begin PBXBuildFile section */
		593C7C7C264197F70059590A /* AppDelegate.swift in Sources */ = {isa = PBXBuildFile; fileRef = 593C7C7B264197F70059590A /* AppDelegate.swift */; };
		593C7C7E264197F70059590A /* SceneDelegate.swift in Sources */ = {isa = PBXBuildFile; fileRef = 593C7C7D264197F70059590A /* SceneDelegate.swift */; };
		593C7C80264197F70059590A /* ViewController.swift in Sources */ = {isa = PBXBuildFile; fileRef = 593C7C7F264197F70059590A /* ViewController.swift */; };
		593C7C83264197F70059590A /* Main.storyboard in Resources */ = {isa = PBXBuildFile; fileRef = 593C7C81264197F70059590A /* Main.storyboard */; };
		593C7C85264197F90059590A /* Assets.xcassets in Resources */ = {isa = PBXBuildFile; fileRef = 593C7C84264197F90059590A /* Assets.xcassets */; };
		593C7C88264197F90059590A /* LaunchScreen.storyboard in Resources */ = {isa = PBXBuildFile; fileRef = 593C7C86264197F90059590A /* LaunchScreen.storyboard */; };
		593C7C93264197F90059590A /* SeguesTests.swift in Sources */ = {isa = PBXBuildFile; fileRef = 593C7C92264197F90059590A /* SeguesTests.swift */; };
		593C7C9E264197F90059590A /* SeguesUITests.swift in Sources */ = {isa = PBXBuildFile; fileRef = 593C7C9D264197F90059590A /* SeguesUITests.swift */; };
/* End PBXBuildFile section */

/* Begin PBXContainerItemProxy section */
		593C7C8F264197F90059590A /* PBXContainerItemProxy */ = {
			isa = PBXContainerItemProxy;
			containerPortal = 593C7C70264197F60059590A /* Project object */;
			proxyType = 1;
			remoteGlobalIDString = 593C7C77264197F70059590A;
			remoteInfo = Segues;
		};
		593C7C9A264197F90059590A /* PBXContainerItemProxy */ = {
			isa = PBXContainerItemProxy;
			containerPortal = 593C7C70264197F60059590A /* Project object */;
			proxyType = 1;
			remoteGlobalIDString = 593C7C77264197F70059590A;
			remoteInfo = Segues;
		};
/* End PBXContainerItemProxy section */

/* Begin PBXFileReference section */
		593C7C78264197F70059590A /* Segues.app */ = {isa = PBXFileReference; explicitFileType = wrapper.application; includeInIndex = 0; path = Segues.app; sourceTree = BUILT_PRODUCTS_DIR; };
		593C7C7B264197F70059590A /* AppDelegate.swift */ = {isa = PBXFileReference; lastKnownFileType = sourcecode.swift; path = AppDelegate.swift; sourceTree = "<group>"; };
		593C7C7D264197F70059590A /* SceneDelegate.swift */ = {isa = PBXFileReference; lastKnownFileType = sourcecode.swift; path = SceneDelegate.swift; sourceTree = "<group>"; };
		593C7C7F264197F70059590A /* ViewController.swift */ = {isa = PBXFileReference; lastKnownFileType = sourcecode.swift; path = ViewController.swift; sourceTree = "<group>"; };
		593C7C82264197F70059590A /* Base */ = {isa = PBXFileReference; lastKnownFileType = file.storyboard; name = Base; path = Base.lproj/Main.storyboard; sourceTree = "<group>"; };
		593C7C84264197F90059590A /* Assets.xcassets */ = {isa = PBXFileReference; lastKnownFileType = folder.assetcatalog; path = Assets.xcassets; sourceTree = "<group>"; };
		593C7C87264197F90059590A /* Base */ = {isa = PBXFileReference; lastKnownFileType = file.storyboard; name = Base; path = Base.lproj/LaunchScreen.storyboard; sourceTree = "<group>"; };
		593C7C89264197F90059590A /* Info.plist */ = {isa = PBXFileReference; lastKnownFileType = text.plist.xml; path = Info.plist; sourceTree = "<group>"; };
		593C7C8E264197F90059590A /* SeguesTests.xctest */ = {isa = PBXFileReference; explicitFileType = wrapper.cfbundle; includeInIndex = 0; path = SeguesTests.xctest; sourceTree = BUILT_PRODUCTS_DIR; };
		593C7C92264197F90059590A /* SeguesTests.swift */ = {isa = PBXFileReference; lastKnownFileType = sourcecode.swift; path = SeguesTests.swift; sourceTree = "<group>"; };
		593C7C94264197F90059590A /* Info.plist */ = {isa = PBXFileReference; lastKnownFileType = text.plist.xml; path = Info.plist; sourceTree = "<group>"; };
		593C7C99264197F90059590A /* SeguesUITests.xctest */ = {isa = PBXFileReference; explicitFileType = wrapper.cfbundle; includeInIndex = 0; path = SeguesUITests.xctest; sourceTree = BUILT_PRODUCTS_DIR; };
		593C7C9D264197F90059590A /* SeguesUITests.swift */ = {isa = PBXFileReference; lastKnownFileType = sourcecode.swift; path = SeguesUITests.swift; sourceTree = "<group>"; };
		593C7C9F264197F90059590A /* Info.plist */ = {isa = PBXFileReference; lastKnownFileType = text.plist.xml; path = Info.plist; sourceTree = "<group>"; };
/* End PBXFileReference section */

/* Begin PBXFrameworksBuildPhase section */
		593C7C75264197F70059590A /* Frameworks */ = {
			isa = PBXFrameworksBuildPhase;
			buildActionMask = 2147483647;
			files = (
			);
			runOnlyForDeploymentPostprocessing = 0;
		};
		593C7C8B264197F90059590A /* Frameworks */ = {
			isa = PBXFrameworksBuildPhase;
			buildActionMask = 2147483647;
			files = (
			);
			runOnlyForDeploymentPostprocessing = 0;
		};
		593C7C96264197F90059590A /* Frameworks */ = {
			isa = PBXFrameworksBuildPhase;
			buildActionMask = 2147483647;
			files = (
			);
			runOnlyForDeploymentPostprocessing = 0;
		};
/* End PBXFrameworksBuildPhase section */

/* Begin PBXGroup section */
		593C7C6F264197F60059590A = {
			isa = PBXGroup;
			children = (
				593C7C7A264197F70059590A /* Segues */,
				593C7C91264197F90059590A /* SeguesTests */,
				593C7C9C264197F90059590A /* SeguesUITests */,
				593C7C79264197F70059590A /* Products */,
			);
			sourceTree = "<group>";
		};
		593C7C79264197F70059590A /* Products */ = {
			isa = PBXGroup;
			children = (
				593C7C78264197F70059590A /* Segues.app */,
				593C7C8E264197F90059590A /* SeguesTests.xctest */,
				593C7C99264197F90059590A /* SeguesUITests.xctest */,
			);
			name = Products;
			sourceTree = "<group>";
		};
		593C7C7A264197F70059590A /* Segues */ = {
			isa = PBXGroup;
			children = (
				593C7C7B264197F70059590A /* AppDelegate.swift */,
				593C7C7D264197F70059590A /* SceneDelegate.swift */,
				593C7C7F264197F70059590A /* ViewController.swift */,
				593C7C81264197F70059590A /* Main.storyboard */,
				593C7C84264197F90059590A /* Assets.xcassets */,
				593C7C86264197F90059590A /* LaunchScreen.storyboard */,
				593C7C89264197F90059590A /* Info.plist */,
			);
			path = Segues;
			sourceTree = "<group>";
		};
		593C7C91264197F90059590A /* SeguesTests */ = {
			isa = PBXGroup;
			children = (
				593C7C92264197F90059590A /* SeguesTests.swift */,
				593C7C94264197F90059590A /* Info.plist */,
			);
			path = SeguesTests;
			sourceTree = "<group>";
		};
		593C7C9C264197F90059590A /* SeguesUITests */ = {
			isa = PBXGroup;
			children = (
				593C7C9D264197F90059590A /* SeguesUITests.swift */,
				593C7C9F264197F90059590A /* Info.plist */,
			);
			path = SeguesUITests;
			sourceTree = "<group>";
		};
/* End PBXGroup section */

/* Begin PBXNativeTarget section */
		593C7C77264197F70059590A /* Segues */ = {
			isa = PBXNativeTarget;
			buildConfigurationList = 593C7CA2264197F90059590A /* Build configuration list for PBXNativeTarget "Segues" */;
			buildPhases = (
				593C7C74264197F70059590A /* Sources */,
				593C7C75264197F70059590A /* Frameworks */,
				593C7C76264197F70059590A /* Resources */,
			);
			buildRules = (
			);
			dependencies = (
			);
			name = Segues;
			productName = Segues;
			productReference = 593C7C78264197F70059590A /* Segues.app */;
			productType = "com.apple.product-type.application";
		};
		593C7C8D264197F90059590A /* SeguesTests */ = {
			isa = PBXNativeTarget;
			buildConfigurationList = 593C7CA5264197F90059590A /* Build configuration list for PBXNativeTarget "SeguesTests" */;
			buildPhases = (
				593C7C8A264197F90059590A /* Sources */,
				593C7C8B264197F90059590A /* Frameworks */,
				593C7C8C264197F90059590A /* Resources */,
			);
			buildRules = (
			);
			dependencies = (
				593C7C90264197F90059590A /* PBXTargetDependency */,
			);
			name = SeguesTests;
			productName = SeguesTests;
			productReference = 593C7C8E264197F90059590A /* SeguesTests.xctest */;
			productType = "com.apple.product-type.bundle.unit-test";
		};
		593C7C98264197F90059590A /* SeguesUITests */ = {
			isa = PBXNativeTarget;
			buildConfigurationList = 593C7CA8264197F90059590A /* Build configuration list for PBXNativeTarget "SeguesUITests" */;
			buildPhases = (
				593C7C95264197F90059590A /* Sources */,
				593C7C96264197F90059590A /* Frameworks */,
				593C7C97264197F90059590A /* Resources */,
			);
			buildRules = (
			);
			dependencies = (
				593C7C9B264197F90059590A /* PBXTargetDependency */,
			);
			name = SeguesUITests;
			productName = SeguesUITests;
			productReference = 593C7C99264197F90059590A /* SeguesUITests.xctest */;
			productType = "com.apple.product-type.bundle.ui-testing";
		};
/* End PBXNativeTarget section */

/* Begin PBXProject section */
		593C7C70264197F60059590A /* Project object */ = {
			isa = PBXProject;
			attributes = {
				LastSwiftUpdateCheck = 1240;
				LastUpgradeCheck = 1240;
				TargetAttributes = {
					593C7C77264197F70059590A = {
						CreatedOnToolsVersion = 12.4;
					};
					593C7C8D264197F90059590A = {
						CreatedOnToolsVersion = 12.4;
						TestTargetID = 593C7C77264197F70059590A;
					};
					593C7C98264197F90059590A = {
						CreatedOnToolsVersion = 12.4;
						TestTargetID = 593C7C77264197F70059590A;
					};
				};
			};
			buildConfigurationList = 593C7C73264197F60059590A /* Build configuration list for PBXProject "Segues" */;
			compatibilityVersion = "Xcode 9.3";
			developmentRegion = en;
			hasScannedForEncodings = 0;
			knownRegions = (
				en,
				Base,
			);
			mainGroup = 593C7C6F264197F60059590A;
			productRefGroup = 593C7C79264197F70059590A /* Products */;
			projectDirPath = "";
			projectRoot = "";
			targets = (
				593C7C77264197F70059590A /* Segues */,
				593C7C8D264197F90059590A /* SeguesTests */,
				593C7C98264197F90059590A /* SeguesUITests */,
			);
		};
/* End PBXProject section */

/* Begin PBXResourcesBuildPhase section */
		593C7C76264197F70059590A /* Resources */ = {
			isa = PBXResourcesBuildPhase;
			buildActionMask = 2147483647;
			files = (
				593C7C88264197F90059590A /* LaunchScreen.storyboard in Resources */,
				593C7C85264197F90059590A /* Assets.xcassets in Resources */,
				593C7C83264197F70059590A /* Main.storyboard in Resources */,
			);
			runOnlyForDeploymentPostprocessing = 0;
		};
		593C7C8C264197F90059590A /* Resources */ = {
			isa = PBXResourcesBuildPhase;
			buildActionMask = 2147483647;
			files = (
			);
			runOnlyForDeploymentPostprocessing = 0;
		};
		593C7C97264197F90059590A /* Resources */ = {
			isa = PBXResourcesBuildPhase;
			buildActionMask = 2147483647;
			files = (
			);
			runOnlyForDeploymentPostprocessing = 0;
		};
/* End PBXResourcesBuildPhase section */

/* Begin PBXSourcesBuildPhase section */
		593C7C74264197F70059590A /* Sources */ = {
			isa = PBXSourcesBuildPhase;
			buildActionMask = 2147483647;
			files = (
				593C7C80264197F70059590A /* ViewController.swift in Sources */,
				593C7C7C264197F70059590A /* AppDelegate.swift in Sources */,
				593C7C7E264197F70059590A /* SceneDelegate.swift in Sources */,
			);
			runOnlyForDeploymentPostprocessing = 0;
		};
		593C7C8A264197F90059590A /* Sources */ = {
			isa = PBXSourcesBuildPhase;
			buildActionMask = 2147483647;
			files = (
				593C7C93264197F90059590A /* SeguesTests.swift in Sources */,
			);
			runOnlyForDeploymentPostprocessing = 0;
		};
		593C7C95264197F90059590A /* Sources */ = {
			isa = PBXSourcesBuildPhase;
			buildActionMask = 2147483647;
			files = (
				593C7C9E264197F90059590A /* SeguesUITests.swift in Sources */,
			);
			runOnlyForDeploymentPostprocessing = 0;
		};
/* End PBXSourcesBuildPhase section */

/* Begin PBXTargetDependency section */
		593C7C90264197F90059590A /* PBXTargetDependency */ = {
			isa = PBXTargetDependency;
			target = 593C7C77264197F70059590A /* Segues */;
			targetProxy = 593C7C8F264197F90059590A /* PBXContainerItemProxy */;
		};
		593C7C9B264197F90059590A /* PBXTargetDependency */ = {
			isa = PBXTargetDependency;
			target = 593C7C77264197F70059590A /* Segues */;
			targetProxy = 593C7C9A264197F90059590A /* PBXContainerItemProxy */;
		};
/* End PBXTargetDependency section */

/* Begin PBXVariantGroup section */
		593C7C81264197F70059590A /* Main.storyboard */ = {
			isa = PBXVariantGroup;
			children = (
				593C7C82264197F70059590A /* Base */,
			);
			name = Main.storyboard;
			sourceTree = "<group>";
		};
		593C7C86264197F90059590A /* LaunchScreen.storyboard */ = {
			isa = PBXVariantGroup;
			children = (
				593C7C87264197F90059590A /* Base */,
			);
			name = LaunchScreen.storyboard;
			sourceTree = "<group>";
		};
/* End PBXVariantGroup section */

/* Begin XCBuildConfiguration section */
		593C7CA0264197F90059590A /* Debug */ = {
			isa = XCBuildConfiguration;
			buildSettings = {
				ALWAYS_SEARCH_USER_PATHS = NO;
				CLANG_ANALYZER_NONNULL = YES;
				CLANG_ANALYZER_NUMBER_OBJECT_CONVERSION = YES_AGGRESSIVE;
				CLANG_CXX_LANGUAGE_STANDARD = "gnu++14";
				CLANG_CXX_LIBRARY = "libc++";
				CLANG_ENABLE_MODULES = YES;
				CLANG_ENABLE_OBJC_ARC = YES;
				CLANG_ENABLE_OBJC_WEAK = YES;
				CLANG_WARN_BLOCK_CAPTURE_AUTORELEASING = YES;
				CLANG_WARN_BOOL_CONVERSION = YES;
				CLANG_WARN_COMMA = YES;
				CLANG_WARN_CONSTANT_CONVERSION = YES;
				CLANG_WARN_DEPRECATED_OBJC_IMPLEMENTATIONS = YES;
				CLANG_WARN_DIRECT_OBJC_ISA_USAGE = YES_ERROR;
				CLANG_WARN_DOCUMENTATION_COMMENTS = YES;
				CLANG_WARN_EMPTY_BODY = YES;
				CLANG_WARN_ENUM_CONVERSION = YES;
				CLANG_WARN_INFINITE_RECURSION = YES;
				CLANG_WARN_INT_CONVERSION = YES;
				CLANG_WARN_NON_LITERAL_NULL_CONVERSION = YES;
				CLANG_WARN_OBJC_IMPLICIT_RETAIN_SELF = YES;
				CLANG_WARN_OBJC_LITERAL_CONVERSION = YES;
				CLANG_WARN_OBJC_ROOT_CLASS = YES_ERROR;
				CLANG_WARN_QUOTED_INCLUDE_IN_FRAMEWORK_HEADER = YES;
				CLANG_WARN_RANGE_LOOP_ANALYSIS = YES;
				CLANG_WARN_STRICT_PROTOTYPES = YES;
				CLANG_WARN_SUSPICIOUS_MOVE = YES;
				CLANG_WARN_UNGUARDED_AVAILABILITY = YES_AGGRESSIVE;
				CLANG_WARN_UNREACHABLE_CODE = YES;
				CLANG_WARN__DUPLICATE_METHOD_MATCH = YES;
				COPY_PHASE_STRIP = NO;
				DEBUG_INFORMATION_FORMAT = dwarf;
				ENABLE_STRICT_OBJC_MSGSEND = YES;
				ENABLE_TESTABILITY = YES;
				GCC_C_LANGUAGE_STANDARD = gnu11;
				GCC_DYNAMIC_NO_PIC = NO;
				GCC_NO_COMMON_BLOCKS = YES;
				GCC_OPTIMIZATION_LEVEL = 0;
				GCC_PREPROCESSOR_DEFINITIONS = (
					"DEBUG=1",
					"$(inherited)",
				);
				GCC_WARN_64_TO_32_BIT_CONVERSION = YES;
				GCC_WARN_ABOUT_RETURN_TYPE = YES_ERROR;
				GCC_WARN_UNDECLARED_SELECTOR = YES;
				GCC_WARN_UNINITIALIZED_AUTOS = YES_AGGRESSIVE;
				GCC_WARN_UNUSED_FUNCTION = YES;
				GCC_WARN_UNUSED_VARIABLE = YES;
				IPHONEOS_DEPLOYMENT_TARGET = 14.4;
				MTL_ENABLE_DEBUG_INFO = INCLUDE_SOURCE;
				MTL_FAST_MATH = YES;
				ONLY_ACTIVE_ARCH = YES;
				SDKROOT = iphoneos;
				SWIFT_ACTIVE_COMPILATION_CONDITIONS = DEBUG;
				SWIFT_OPTIMIZATION_LEVEL = "-Onone";
			};
			name = Debug;
		};
		593C7CA1264197F90059590A /* Release */ = {
			isa = XCBuildConfiguration;
			buildSettings = {
				ALWAYS_SEARCH_USER_PATHS = NO;
				CLANG_ANALYZER_NONNULL = YES;
				CLANG_ANALYZER_NUMBER_OBJECT_CONVERSION = YES_AGGRESSIVE;
				CLANG_CXX_LANGUAGE_STANDARD = "gnu++14";
				CLANG_CXX_LIBRARY = "libc++";
				CLANG_ENABLE_MODULES = YES;
				CLANG_ENABLE_OBJC_ARC = YES;
				CLANG_ENABLE_OBJC_WEAK = YES;
				CLANG_WARN_BLOCK_CAPTURE_AUTORELEASING = YES;
				CLANG_WARN_BOOL_CONVERSION = YES;
				CLANG_WARN_COMMA = YES;
				CLANG_WARN_CONSTANT_CONVERSION = YES;
				CLANG_WARN_DEPRECATED_OBJC_IMPLEMENTATIONS = YES;
				CLANG_WARN_DIRECT_OBJC_ISA_USAGE = YES_ERROR;
				CLANG_WARN_DOCUMENTATION_COMMENTS = YES;
				CLANG_WARN_EMPTY_BODY = YES;
				CLANG_WARN_ENUM_CONVERSION = YES;
				CLANG_WARN_INFINITE_RECURSION = YES;
				CLANG_WARN_INT_CONVERSION = YES;
				CLANG_WARN_NON_LITERAL_NULL_CONVERSION = YES;
				CLANG_WARN_OBJC_IMPLICIT_RETAIN_SELF = YES;
				CLANG_WARN_OBJC_LITERAL_CONVERSION = YES;
				CLANG_WARN_OBJC_ROOT_CLASS = YES_ERROR;
				CLANG_WARN_QUOTED_INCLUDE_IN_FRAMEWORK_HEADER = YES;
				CLANG_WARN_RANGE_LOOP_ANALYSIS = YES;
				CLANG_WARN_STRICT_PROTOTYPES = YES;
				CLANG_WARN_SUSPICIOUS_MOVE = YES;
				CLANG_WARN_UNGUARDED_AVAILABILITY = YES_AGGRESSIVE;
				CLANG_WARN_UNREACHABLE_CODE = YES;
				CLANG_WARN__DUPLICATE_METHOD_MATCH = YES;
				COPY_PHASE_STRIP = NO;
				DEBUG_INFORMATION_FORMAT = "dwarf-with-dsym";
				ENABLE_NS_ASSERTIONS = NO;
				ENABLE_STRICT_OBJC_MSGSEND = YES;
				GCC_C_LANGUAGE_STANDARD = gnu11;
				GCC_NO_COMMON_BLOCKS = YES;
				GCC_WARN_64_TO_32_BIT_CONVERSION = YES;
				GCC_WARN_ABOUT_RETURN_TYPE = YES_ERROR;
				GCC_WARN_UNDECLARED_SELECTOR = YES;
				GCC_WARN_UNINITIALIZED_AUTOS = YES_AGGRESSIVE;
				GCC_WARN_UNUSED_FUNCTION = YES;
				GCC_WARN_UNUSED_VARIABLE = YES;
				IPHONEOS_DEPLOYMENT_TARGET = 14.4;
				MTL_ENABLE_DEBUG_INFO = NO;
				MTL_FAST_MATH = YES;
				SDKROOT = iphoneos;
				SWIFT_COMPILATION_MODE = wholemodule;
				SWIFT_OPTIMIZATION_LEVEL = "-O";
				VALIDATE_PRODUCT = YES;
			};
			name = Release;
		};
		593C7CA3264197F90059590A /* Debug */ = {
			isa = XCBuildConfiguration;
			buildSettings = {
				ASSETCATALOG_COMPILER_APPICON_NAME = AppIcon;
				ASSETCATALOG_COMPILER_GLOBAL_ACCENT_COLOR_NAME = AccentColor;
				CODE_SIGN_STYLE = Automatic;
				DEVELOPMENT_TEAM = 757SYZRYN9;
				INFOPLIST_FILE = Segues/Info.plist;
				LD_RUNPATH_SEARCH_PATHS = (
					"$(inherited)",
					"@executable_path/Frameworks",
				);
				PRODUCT_BUNDLE_IDENTIFIER = KWK.Segues;
				PRODUCT_NAME = "$(TARGET_NAME)";
				SWIFT_VERSION = 5.0;
				TARGETED_DEVICE_FAMILY = "1,2";
			};
			name = Debug;
		};
		593C7CA4264197F90059590A /* Release */ = {
			isa = XCBuildConfiguration;
			buildSettings = {
				ASSETCATALOG_COMPILER_APPICON_NAME = AppIcon;
				ASSETCATALOG_COMPILER_GLOBAL_ACCENT_COLOR_NAME = AccentColor;
				CODE_SIGN_STYLE = Automatic;
				DEVELOPMENT_TEAM = 757SYZRYN9;
				INFOPLIST_FILE = Segues/Info.plist;
				LD_RUNPATH_SEARCH_PATHS = (
					"$(inherited)",
					"@executable_path/Frameworks",
				);
				PRODUCT_BUNDLE_IDENTIFIER = KWK.Segues;
				PRODUCT_NAME = "$(TARGET_NAME)";
				SWIFT_VERSION = 5.0;
				TARGETED_DEVICE_FAMILY = "1,2";
			};
			name = Release;
		};
		593C7CA6264197F90059590A /* Debug */ = {
			isa = XCBuildConfiguration;
			buildSettings = {
				ALWAYS_EMBED_SWIFT_STANDARD_LIBRARIES = YES;
				BUNDLE_LOADER = "$(TEST_HOST)";
				CODE_SIGN_STYLE = Automatic;
				DEVELOPMENT_TEAM = 757SYZRYN9;
				INFOPLIST_FILE = SeguesTests/Info.plist;
				IPHONEOS_DEPLOYMENT_TARGET = 14.4;
				LD_RUNPATH_SEARCH_PATHS = (
					"$(inherited)",
					"@executable_path/Frameworks",
					"@loader_path/Frameworks",
				);
				PRODUCT_BUNDLE_IDENTIFIER = KWK.SeguesTests;
				PRODUCT_NAME = "$(TARGET_NAME)";
				SWIFT_VERSION = 5.0;
				TARGETED_DEVICE_FAMILY = "1,2";
				TEST_HOST = "$(BUILT_PRODUCTS_DIR)/Segues.app/Segues";
			};
			name = Debug;
		};
		593C7CA7264197F90059590A /* Release */ = {
			isa = XCBuildConfiguration;
			buildSettings = {
				ALWAYS_EMBED_SWIFT_STANDARD_LIBRARIES = YES;
				BUNDLE_LOADER = "$(TEST_HOST)";
				CODE_SIGN_STYLE = Automatic;
				DEVELOPMENT_TEAM = 757SYZRYN9;
				INFOPLIST_FILE = SeguesTests/Info.plist;
				IPHONEOS_DEPLOYMENT_TARGET = 14.4;
				LD_RUNPATH_SEARCH_PATHS = (
					"$(inherited)",
					"@executable_path/Frameworks",
					"@loader_path/Frameworks",
				);
				PRODUCT_BUNDLE_IDENTIFIER = KWK.SeguesTests;
				PRODUCT_NAME = "$(TARGET_NAME)";
				SWIFT_VERSION = 5.0;
				TARGETED_DEVICE_FAMILY = "1,2";
				TEST_HOST = "$(BUILT_PRODUCTS_DIR)/Segues.app/Segues";
			};
			name = Release;
		};
		593C7CA9264197F90059590A /* Debug */ = {
			isa = XCBuildConfiguration;
			buildSettings = {
				ALWAYS_EMBED_SWIFT_STANDARD_LIBRARIES = YES;
				CODE_SIGN_STYLE = Automatic;
				DEVELOPMENT_TEAM = 757SYZRYN9;
				INFOPLIST_FILE = SeguesUITests/Info.plist;
				LD_RUNPATH_SEARCH_PATHS = (
					"$(inherited)",
					"@executable_path/Frameworks",
					"@loader_path/Frameworks",
				);
				PRODUCT_BUNDLE_IDENTIFIER = KWK.SeguesUITests;
				PRODUCT_NAME = "$(TARGET_NAME)";
				SWIFT_VERSION = 5.0;
				TARGETED_DEVICE_FAMILY = "1,2";
				TEST_TARGET_NAME = Segues;
			};
			name = Debug;
		};
		593C7CAA264197F90059590A /* Release */ = {
			isa = XCBuildConfiguration;
			buildSettings = {
				ALWAYS_EMBED_SWIFT_STANDARD_LIBRARIES = YES;
				CODE_SIGN_STYLE = Automatic;
				DEVELOPMENT_TEAM = 757SYZRYN9;
				INFOPLIST_FILE = SeguesUITests/Info.plist;
				LD_RUNPATH_SEARCH_PATHS = (
					"$(inherited)",
					"@executable_path/Frameworks",
					"@loader_path/Frameworks",
				);
				PRODUCT_BUNDLE_IDENTIFIER = KWK.SeguesUITests;
				PRODUCT_NAME = "$(TARGET_NAME)";
				SWIFT_VERSION = 5.0;
				TARGETED_DEVICE_FAMILY = "1,2";
				TEST_TARGET_NAME = Segues;
			};
			name = Release;
		};
/* End XCBuildConfiguration section */

/* Begin XCConfigurationList section */
		593C7C73264197F60059590A /* Build configuration list for PBXProject "Segues" */ = {
			isa = XCConfigurationList;
			buildConfigurations = (
				593C7CA0264197F90059590A /* Debug */,
				593C7CA1264197F90059590A /* Release */,
			);
			defaultConfigurationIsVisible = 0;
			defaultConfigurationName = Release;
		};
		593C7CA2264197F90059590A /* Build configuration list for PBXNativeTarget "Segues" */ = {
			isa = XCConfigurationList;
			buildConfigurations = (
				593C7CA3264197F90059590A /* Debug */,
				593C7CA4264197F90059590A /* Release */,
			);
			defaultConfigurationIsVisible = 0;
			defaultConfigurationName = Release;
		};
		593C7CA5264197F90059590A /* Build configuration list for PBXNativeTarget "SeguesTests" */ = {
			isa = XCConfigurationList;
			buildConfigurations = (
				593C7CA6264197F90059590A /* Debug */,
				593C7CA7264197F90059590A /* Release */,
			);
			defaultConfigurationIsVisible = 0;
			defaultConfigurationName = Release;
		};
		593C7CA8264197F90059590A /* Build configuration list for PBXNativeTarget "SeguesUITests" */ = {
			isa = XCConfigurationList;
			buildConfigurations = (
				593C7CA9264197F90059590A /* Debug */,
				593C7CAA264197F90059590A /* Release */,
			);
			defaultConfigurationIsVisible = 0;
			defaultConfigurationName = Release;
		};
/* End XCConfigurationList section */
	};
	rootObject = 593C7C70264197F60059590A /* Project object */;
}
